
Microsoft Visual Studio Solution File, Format Version 12.00
# Visual Studio 14
VisualStudioVersion = 14.0.25420.1
MinimumVisualStudioVersion = 10.0.40219.1
Project("{FAE04EC0-301F-11D3-BF4B-00C04F79EFBC}") = "DataAccess", "DataAccess\DataAccess.csproj", "{966E1D16-2D50-408D-A5AE-C2481D8B0A8A}"
EndProject
Project("{FAE04EC0-301F-11D3-BF4B-00C04F79EFBC}") = "Common", "Common\Common.csproj", "{01D597C2-C02F-4685-AA57-A4097C1F7341}"
EndProject
Project("{E24C65DC-7377-472B-9ABA-BC803B73C61A}") = "OnlineSchoolWebSite", "..\OnlineSchoolWebSite\", "{EA9DF297-57D5-44ED-8302-7E5E631D60A3}"
	ProjectSection(WebsiteProperties) = preProject
		TargetFrameworkMoniker = ".NETFramework,Version%3Dv4.5.2"
		Debug.AspNetCompiler.VirtualPath = "/localhost_4097"
		Debug.AspNetCompiler.PhysicalPath = "..\OnlineSchoolWebSite\"
		Debug.AspNetCompiler.TargetPath = "PrecompiledWeb\localhost_4097\"
		Debug.AspNetCompiler.Updateable = "true"
		Debug.AspNetCompiler.ForceOverwrite = "true"
		Debug.AspNetCompiler.FixedNames = "false"
		Debug.AspNetCompiler.Debug = "True"
		Release.AspNetCompiler.VirtualPath = "/localhost_4097"
		Release.AspNetCompiler.PhysicalPath = "..\OnlineSchoolWebSite\"
		Release.AspNetCompiler.TargetPath = "PrecompiledWeb\localhost_4097\"
		Release.AspNetCompiler.Updateable = "true"
		Release.AspNetCompiler.ForceOverwrite = "true"
		Release.AspNetCompiler.FixedNames = "false"
		Release.AspNetCompiler.Debug = "False"
		VWDPort = "4097"
		SlnRelativePath = "..\OnlineSchoolWebSite\"
		DefaultWebSiteLanguage = "Visual C#"
	EndProjectSection
EndProject
Global
	GlobalSection(SolutionConfigurationPlatforms) = preSolution
		Debug|Any CPU = Debug|Any CPU
		Release|Any CPU = Release|Any CPU
	EndGlobalSection
	GlobalSection(ProjectConfigurationPlatforms) = postSolution
		{966E1D16-2D50-408D-A5AE-C2481D8B0A8A}.Debug|Any CPU.ActiveCfg = Debug|Any CPU
		{966E1D16-2D50-408D-A5AE-C2481D8B0A8A}.Debug|Any CPU.Build.0 = Debug|Any CPU
		{966E1D16-2D50-408D-A5AE-C2481D8B0A8A}.Release|Any CPU.ActiveCfg = Release|Any CPU
		{966E1D16-2D50-408D-A5AE-C2481D8B0A8A}.Release|Any CPU.Build.0 = Release|Any CPU
		{01D597C2-C02F-4685-AA57-A4097C1F7341}.Debug|Any CPU.ActiveCfg = Debug|Any CPU
		{01D597C2-C02F-4685-AA57-A4097C1F7341}.Debug|Any CPU.Build.0 = Debug|Any CPU
		{01D597C2-C02F-4685-AA57-A4097C1F7341}.Release|Any CPU.ActiveCfg = Release|Any CPU
		{01D597C2-C02F-4685-AA57-A4097C1F7341}.Release|Any CPU.Build.0 = Release|Any CPU
		{EA9DF297-57D5-44ED-8302-7E5E631D60A3}.Debug|Any CPU.ActiveCfg = Debug|Any CPU
		{EA9DF297-57D5-44ED-8302-7E5E631D60A3}.Debug|Any CPU.Build.0 = Debug|Any CPU
		{EA9DF297-57D5-44ED-8302-7E5E631D60A3}.Release|Any CPU.ActiveCfg = Debug|Any CPU
		{EA9DF297-57D5-44ED-8302-7E5E631D60A3}.Release|Any CPU.Build.0 = Debug|Any CPU
	EndGlobalSection
	GlobalSection(SolutionProperties) = preSolution
		HideSolutionNode = FALSE
	EndGlobalSection
EndGlobal
